
Microsoft Visual Studio Solution File, Format Version 12.00
# Visual Studio 15
VisualStudioVersion = 15.0.28307.136
MinimumVisualStudioVersion = 10.0.40219.1
Project("{FAE04EC0-301F-11D3-BF4B-00C04F79EFBC}") = "ChoMoi", "ChoMoi\ChoMoi.csproj", "{F595C293-E990-43E2-98FF-C1A6C0E0215D}"
EndProject
Global
	GlobalSection(SolutionConfigurationPlatforms) = preSolution
		Debug|Any CPU = Debug|Any CPU
		Release|Any CPU = Release|Any CPU
	EndGlobalSection
	GlobalSection(ProjectConfigurationPlatforms) = postSolution
		{F595C293-E990-43E2-98FF-C1A6C0E0215D}.Debug|Any CPU.ActiveCfg = Debug|Any CPU
		{F595C293-E990-43E2-98FF-C1A6C0E0215D}.Debug|Any CPU.Build.0 = Debug|Any CPU
		{F595C293-E990-43E2-98FF-C1A6C0E0215D}.Release|Any CPU.ActiveCfg = Release|Any CPU
		{F595C293-E990-43E2-98FF-C1A6C0E0215D}.Release|Any CPU.Build.0 = Release|Any CPU
	EndGlobalSection
	GlobalSection(SolutionProperties) = preSolution
		HideSolutionNode = FALSE
	EndGlobalSection
	GlobalSection(ExtensibilityGlobals) = postSolution
		SolutionGuid = {7B76D192-E65B-4726-8FC8-9F8E4397CEE6}
	EndGlobalSection
EndGlobal
